
Microsoft Visual Studio Solution File, Format Version 12.00
# Visual Studio 15
VisualStudioVersion = 15.0.28307.1525
MinimumVisualStudioVersion = 10.0.40219.1
Project("{FAE04EC0-301F-11D3-BF4B-00C04F79EFBC}") = "AplikasiLatihanTiga3", "AplikasiLatihanTiga3\AplikasiLatihanTiga3.csproj", "{55C4A0EB-D190-4FA3-BBA3-40A7FB021273}"
EndProject
Global
	GlobalSection(SolutionConfigurationPlatforms) = preSolution
		Debug|Any CPU = Debug|Any CPU
		Release|Any CPU = Release|Any CPU
	EndGlobalSection
	GlobalSection(ProjectConfigurationPlatforms) = postSolution
		{55C4A0EB-D190-4FA3-BBA3-40A7FB021273}.Debug|Any CPU.ActiveCfg = Debug|Any CPU
		{55C4A0EB-D190-4FA3-BBA3-40A7FB021273}.Debug|Any CPU.Build.0 = Debug|Any CPU
		{55C4A0EB-D190-4FA3-BBA3-40A7FB021273}.Release|Any CPU.ActiveCfg = Release|Any CPU
		{55C4A0EB-D190-4FA3-BBA3-40A7FB021273}.Release|Any CPU.Build.0 = Release|Any CPU
	EndGlobalSection
	GlobalSection(SolutionProperties) = preSolution
		HideSolutionNode = FALSE
	EndGlobalSection
	GlobalSection(ExtensibilityGlobals) = postSolution
		SolutionGuid = {22408492-CE54-454A-954C-3F6250C347F3}
	EndGlobalSection
EndGlobal
